
Microsoft Visual Studio Solution File, Format Version 12.00
# Visual Studio Version 17
VisualStudioVersion = 17.6.33723.286
MinimumVisualStudioVersion = 10.0.40219.1
Project("{9A19103F-16F7-4668-BE54-9A1E7A4F7556}") = "NetForm", "main\NetForm.csproj", "{59EFE264-6583-4A92-8C6D-DF1330884E1F}"
EndProject
Project("{9A19103F-16F7-4668-BE54-9A1E7A4F7556}") = "InterfacePlugIn", "plugin\InterfacePlugIn\InterfacePlugIn.csproj", "{96DEFAE1-043E-4D3B-B798-07CF08039D66}"
EndProject
Project("{9A19103F-16F7-4668-BE54-9A1E7A4F7556}") = "DesignerData", "plugin\DesignerData\DesignerData.csproj", "{2FFE9602-9C08-48DE-8A98-1743E991ED9B}"
EndProject
Project("{FAE04EC0-301F-11D3-BF4B-00C04F79EFBC}") = "ExportJson", "ExportJson\ExportJson.csproj", "{7A8D6D3E-3625-4BE7-B3F2-765CCF50DCD9}"
EndProject
Global
	GlobalSection(SolutionConfigurationPlatforms) = preSolution
		Debug|Any CPU = Debug|Any CPU
		Release|Any CPU = Release|Any CPU
	EndGlobalSection
	GlobalSection(ProjectConfigurationPlatforms) = postSolution
		{59EFE264-6583-4A92-8C6D-DF1330884E1F}.Debug|Any CPU.ActiveCfg = Debug|Any CPU
		{59EFE264-6583-4A92-8C6D-DF1330884E1F}.Debug|Any CPU.Build.0 = Debug|Any CPU
		{59EFE264-6583-4A92-8C6D-DF1330884E1F}.Release|Any CPU.ActiveCfg = Release|Any CPU
		{59EFE264-6583-4A92-8C6D-DF1330884E1F}.Release|Any CPU.Build.0 = Release|Any CPU
		{96DEFAE1-043E-4D3B-B798-07CF08039D66}.Debug|Any CPU.ActiveCfg = Debug|Any CPU
		{96DEFAE1-043E-4D3B-B798-07CF08039D66}.Debug|Any CPU.Build.0 = Debug|Any CPU
		{96DEFAE1-043E-4D3B-B798-07CF08039D66}.Release|Any CPU.ActiveCfg = Release|Any CPU
		{96DEFAE1-043E-4D3B-B798-07CF08039D66}.Release|Any CPU.Build.0 = Release|Any CPU
		{2FFE9602-9C08-48DE-8A98-1743E991ED9B}.Debug|Any CPU.ActiveCfg = Debug|Any CPU
		{2FFE9602-9C08-48DE-8A98-1743E991ED9B}.Debug|Any CPU.Build.0 = Debug|Any CPU
		{2FFE9602-9C08-48DE-8A98-1743E991ED9B}.Release|Any CPU.ActiveCfg = Release|Any CPU
		{2FFE9602-9C08-48DE-8A98-1743E991ED9B}.Release|Any CPU.Build.0 = Release|Any CPU
		{7A8D6D3E-3625-4BE7-B3F2-765CCF50DCD9}.Debug|Any CPU.ActiveCfg = Debug|Any CPU
		{7A8D6D3E-3625-4BE7-B3F2-765CCF50DCD9}.Debug|Any CPU.Build.0 = Debug|Any CPU
		{7A8D6D3E-3625-4BE7-B3F2-765CCF50DCD9}.Release|Any CPU.ActiveCfg = Release|Any CPU
		{7A8D6D3E-3625-4BE7-B3F2-765CCF50DCD9}.Release|Any CPU.Build.0 = Release|Any CPU
	EndGlobalSection
	GlobalSection(SolutionProperties) = preSolution
		HideSolutionNode = FALSE
	EndGlobalSection
	GlobalSection(ExtensibilityGlobals) = postSolution
		SolutionGuid = {DAB1355B-4DB8-4F64-8C5F-B984953C4620}
	EndGlobalSection
EndGlobal
